# This file is automatically @generated by Cargo.
# It is not intended for manual editing.
version = 3

[[package]]
name = "bindings"
version = "0.0.0"
dependencies = [
 "windows",
]

[[package]]
name = "const-sha1"
version = "0.2.0"
source = "registry+https://github.com/rust-lang/crates.io-index"
checksum = "fb58b6451e8c2a812ad979ed1d83378caa5e927eef2622017a45f251457c2c9d"

[[package]]
name = "create-window"
version = "0.0.0"
dependencies = [
 "bindings",
 "windows",
]

[[package]]
name = "proc-macro2"
version = "1.0.28"
source = "registry+https://github.com/rust-lang/crates.io-index"
checksum = "5c7ed8b8c7b886ea3ed7dde405212185f423ab44682667c8c6dd14aa1d9f6612"
dependencies = [
 "unicode-xid",
]

[[package]]
name = "quote"
version = "1.0.9"
source = "registry+https://github.com/rust-lang/crates.io-index"
checksum = "c3d0b9745dc2debf507c8422de05d7226cc1f0644216dfdfead988f9b1ab32a7"
dependencies = [
 "proc-macro2",
]

[[package]]
name = "syn"
version = "1.0.74"
source = "registry+https://github.com/rust-lang/crates.io-index"
checksum = "1873d832550d4588c3dbc20f01361ab00bfe741048f71e3fecf145a7cc18b29c"
dependencies = [
 "proc-macro2",
 "quote",
 "unicode-xid",
]

[[package]]
name = "unicode-xid"
version = "0.2.2"
source = "registry+https://github.com/rust-lang/crates.io-index"
checksum = "8ccb82d61f80a663efe1f787a51b16b5a51e3314d6ac365b08639f52387b33f3"

[[package]]
name = "windows"
version = "0.20.0"
source = "registry+https://github.com/rust-lang/crates.io-index"
checksum = "0a0b63f34b1cf0fcb7a2e387189936a7c9822123ef124a95da2b8a0b493bc69d"
dependencies = [
 "const-sha1",
 "windows_gen",
 "windows_macros",
]

[[package]]
name = "windows_gen"
version = "0.20.0"
source = "registry+https://github.com/rust-lang/crates.io-index"
checksum = "7213e17fead412ec608804cbe190988db6f40b2a946ef58dd67fd9cdf39da144"
dependencies = [
 "windows_quote",
 "windows_reader",
]

[[package]]
name = "windows_macros"
version = "0.20.0"
source = "registry+https://github.com/rust-lang/crates.io-index"
checksum = "661a56e1edb9f9d466a9cb59c392edfad0d273b66bb20b1f5f4aea6db5ad35d6"
dependencies = [
 "syn",
 "windows_gen",
 "windows_quote",
 "windows_reader",
]

[[package]]
name = "windows_quote"
version = "0.20.0"
source = "registry+https://github.com/rust-lang/crates.io-index"
checksum = "6d16ae0ecb5b0a365ff465ca9b9780e70986f951b4e06a95f87ac54a421d3767"

[[package]]
name = "windows_reader"
version = "0.20.0"
source = "registry+https://github.com/rust-lang/crates.io-index"
checksum = "c75040b326c26dda15a9c18970a7a15bf503dc22597d55dd559df16435f4a550"
